
Microsoft Visual Studio Solution File, Format Version 12.00
# Visual Studio Version 17
VisualStudioVersion = 17.0.32014.148
MinimumVisualStudioVersion = 10.0.40219.1
Project("{FAE04EC0-301F-11D3-BF4B-00C04F79EFBC}") = "NormalMapGenerator.UI", "NormalMapGenerator.UI\NormalMapGenerator.UI.csproj", "{CD95D67F-219B-40EF-8131-95100D23EDF1}"
EndProject
Project("{FAE04EC0-301F-11D3-BF4B-00C04F79EFBC}") = "NormalMapGenerator", "NormalMapGenerator\NormalMapGenerator.csproj", "{4DA5FEDB-7B69-44EB-919E-C0A3F2E7238C}"
EndProject
Global
	GlobalSection(SolutionConfigurationPlatforms) = preSolution
		Debug|Any CPU = Debug|Any CPU
		Release|Any CPU = Release|Any CPU
	EndGlobalSection
	GlobalSection(ProjectConfigurationPlatforms) = postSolution
		{CD95D67F-219B-40EF-8131-95100D23EDF1}.Debug|Any CPU.ActiveCfg = Debug|Any CPU
		{CD95D67F-219B-40EF-8131-95100D23EDF1}.Debug|Any CPU.Build.0 = Debug|Any CPU
		{CD95D67F-219B-40EF-8131-95100D23EDF1}.Release|Any CPU.ActiveCfg = Release|Any CPU
		{CD95D67F-219B-40EF-8131-95100D23EDF1}.Release|Any CPU.Build.0 = Release|Any CPU
		{4DA5FEDB-7B69-44EB-919E-C0A3F2E7238C}.Debug|Any CPU.ActiveCfg = Debug|Any CPU
		{4DA5FEDB-7B69-44EB-919E-C0A3F2E7238C}.Debug|Any CPU.Build.0 = Debug|Any CPU
		{4DA5FEDB-7B69-44EB-919E-C0A3F2E7238C}.Release|Any CPU.ActiveCfg = Release|Any CPU
		{4DA5FEDB-7B69-44EB-919E-C0A3F2E7238C}.Release|Any CPU.Build.0 = Release|Any CPU
	EndGlobalSection
	GlobalSection(SolutionProperties) = preSolution
		HideSolutionNode = FALSE
	EndGlobalSection
	GlobalSection(ExtensibilityGlobals) = postSolution
		SolutionGuid = {C2EAF46A-FC5A-49E6-A373-11F412A1C52C}
	EndGlobalSection
EndGlobal
